# generated by rye
# use `rye lock` or `rye sync` to update this lockfile
#
# last locked with the following flags:
#   pre: false
#   features: []
#   all-features: false
#   with-sources: false
#   generate-hashes: false

-e file:.
async-timeout==4.0.3
    # via bleak
bleak==0.20.2
    # via irobot-edu-sdk
irobot-edu-sdk==0.5.3
    # via roomba
pyobjc-core==9.2
    # via bleak
    # via pyobjc-framework-cocoa
    # via pyobjc-framework-corebluetooth
    # via pyobjc-framework-libdispatch
pyobjc-framework-cocoa==9.2
    # via pyobjc-framework-corebluetooth
pyobjc-framework-corebluetooth==9.2
    # via bleak
pyobjc-framework-libdispatch==9.2
    # via bleak
pyserial==3.5
    # via irobot-edu-sdk
